
Microsoft Visual Studio Solution File, Format Version 12.00
# Visual Studio Version 17
VisualStudioVersion = 17.5.33627.172
MinimumVisualStudioVersion = 10.0.40219.1
Project("{FAE04EC0-301F-11D3-BF4B-00C04F79EFBC}") = "TwoHoursLater", "TwoHoursLater\TwoHoursLater.csproj", "{CBAB5C88-1E02-4F49-B53E-C4F185D10D46}"
EndProject
Global
	GlobalSection(SolutionConfigurationPlatforms) = preSolution
		Debug|Any CPU = Debug|Any CPU
		Release|Any CPU = Release|Any CPU
	EndGlobalSection
	GlobalSection(ProjectConfigurationPlatforms) = postSolution
		{CBAB5C88-1E02-4F49-B53E-C4F185D10D46}.Debug|Any CPU.ActiveCfg = Debug|Any CPU
		{CBAB5C88-1E02-4F49-B53E-C4F185D10D46}.Debug|Any CPU.Build.0 = Debug|Any CPU
		{CBAB5C88-1E02-4F49-B53E-C4F185D10D46}.Release|Any CPU.ActiveCfg = Release|Any CPU
		{CBAB5C88-1E02-4F49-B53E-C4F185D10D46}.Release|Any CPU.Build.0 = Release|Any CPU
	EndGlobalSection
	GlobalSection(SolutionProperties) = preSolution
		HideSolutionNode = FALSE
	EndGlobalSection
	GlobalSection(ExtensibilityGlobals) = postSolution
		SolutionGuid = {7A04F64D-1E97-48E2-82DE-3F71498EF486}
	EndGlobalSection
EndGlobal
